
Microsoft Visual Studio Solution File, Format Version 12.00
# Visual Studio Version 17
VisualStudioVersion = 17.10.35013.160
MinimumVisualStudioVersion = 10.0.40219.1
Project("{FAE04EC0-301F-11D3-BF4B-00C04F79EFBC}") = "AlliedAdapter", "AlliedAdapter.csproj", "{619B010C-18D6-41CF-92B0-E6BE4044ABF1}"
EndProject
Project("{FAE04EC0-301F-11D3-BF4B-00C04F79EFBC}") = "AlliedService", "..\AlliedService\AlliedService.csproj", "{159B06DB-996E-4DF7-AE55-3A3E8ACD5FD1}"
EndProject
Global
	GlobalSection(SolutionConfigurationPlatforms) = preSolution
		Debug|Any CPU = Debug|Any CPU
		Debug|x86 = Debug|x86
		Release|Any CPU = Release|Any CPU
		Release|x86 = Release|x86
	EndGlobalSection
	GlobalSection(ProjectConfigurationPlatforms) = postSolution
		{619B010C-18D6-41CF-92B0-E6BE4044ABF1}.Debug|Any CPU.ActiveCfg = Debug|Any CPU
		{619B010C-18D6-41CF-92B0-E6BE4044ABF1}.Debug|Any CPU.Build.0 = Debug|Any CPU
		{619B010C-18D6-41CF-92B0-E6BE4044ABF1}.Debug|x86.ActiveCfg = Debug|Any CPU
		{619B010C-18D6-41CF-92B0-E6BE4044ABF1}.Debug|x86.Build.0 = Debug|Any CPU
		{619B010C-18D6-41CF-92B0-E6BE4044ABF1}.Release|Any CPU.ActiveCfg = Release|Any CPU
		{619B010C-18D6-41CF-92B0-E6BE4044ABF1}.Release|Any CPU.Build.0 = Release|Any CPU
		{619B010C-18D6-41CF-92B0-E6BE4044ABF1}.Release|x86.ActiveCfg = Release|x86
		{619B010C-18D6-41CF-92B0-E6BE4044ABF1}.Release|x86.Build.0 = Release|x86
		{159B06DB-996E-4DF7-AE55-3A3E8ACD5FD1}.Debug|Any CPU.ActiveCfg = Debug|Any CPU
		{159B06DB-996E-4DF7-AE55-3A3E8ACD5FD1}.Debug|Any CPU.Build.0 = Debug|Any CPU
		{159B06DB-996E-4DF7-AE55-3A3E8ACD5FD1}.Debug|x86.ActiveCfg = Debug|Any CPU
		{159B06DB-996E-4DF7-AE55-3A3E8ACD5FD1}.Debug|x86.Build.0 = Debug|Any CPU
		{159B06DB-996E-4DF7-AE55-3A3E8ACD5FD1}.Release|Any CPU.ActiveCfg = Release|Any CPU
		{159B06DB-996E-4DF7-AE55-3A3E8ACD5FD1}.Release|Any CPU.Build.0 = Release|Any CPU
		{159B06DB-996E-4DF7-AE55-3A3E8ACD5FD1}.Release|x86.ActiveCfg = Release|Any CPU
		{159B06DB-996E-4DF7-AE55-3A3E8ACD5FD1}.Release|x86.Build.0 = Release|Any CPU
	EndGlobalSection
	GlobalSection(SolutionProperties) = preSolution
		HideSolutionNode = FALSE
	EndGlobalSection
	GlobalSection(ExtensibilityGlobals) = postSolution
		SolutionGuid = {37441C9D-F010-4F05-9802-623DE3327723}
	EndGlobalSection
EndGlobal
